
Microsoft Visual Studio Solution File, Format Version 12.00
# Visual Studio Version 17
VisualStudioVersion = 17.0.32014.148
MinimumVisualStudioVersion = 10.0.40219.1
Project("{FAE04EC0-301F-11D3-BF4B-00C04F79EFBC}") = "M10", "M10\M10.csproj", "{4453061F-14D1-461A-971A-04EABAC06D4B}"
EndProject
Global
	GlobalSection(SolutionConfigurationPlatforms) = preSolution
		Debug|Any CPU = Debug|Any CPU
		Release|Any CPU = Release|Any CPU
	EndGlobalSection
	GlobalSection(ProjectConfigurationPlatforms) = postSolution
		{4453061F-14D1-461A-971A-04EABAC06D4B}.Debug|Any CPU.ActiveCfg = Debug|Any CPU
		{4453061F-14D1-461A-971A-04EABAC06D4B}.Debug|Any CPU.Build.0 = Debug|Any CPU
		{4453061F-14D1-461A-971A-04EABAC06D4B}.Release|Any CPU.ActiveCfg = Release|Any CPU
		{4453061F-14D1-461A-971A-04EABAC06D4B}.Release|Any CPU.Build.0 = Release|Any CPU
	EndGlobalSection
	GlobalSection(SolutionProperties) = preSolution
		HideSolutionNode = FALSE
	EndGlobalSection
	GlobalSection(ExtensibilityGlobals) = postSolution
		SolutionGuid = {46BA22EC-1BE7-4F64-94A6-7F682385E2DD}
	EndGlobalSection
EndGlobal
